// !$*UTF8*$!
{
	archiveVersion = 1;
	classes = {
	};
	objectVersion = 56;
	objects = {

/* Begin PBXBuildFile section */
		15ECDF2C2B137D0A006E186C /* AppDelegate.swift in Sources */ = {isa = PBXBuildFile; fileRef = 15ECDF2B2B137D0A006E186C /* AppDelegate.swift */; };
		15ECDF2E2B137D0A006E186C /* SceneDelegate.swift in Sources */ = {isa = PBXBuildFile; fileRef = 15ECDF2D2B137D0A006E186C /* SceneDelegate.swift */; };
		15ECDF302B137D0A006E186C /* ViewController.swift in Sources */ = {isa = PBXBuildFile; fileRef = 15ECDF2F2B137D0A006E186C /* ViewController.swift */; };
		15ECDF332B137D0A006E186C /* Main.storyboard in Resources */ = {isa = PBXBuildFile; fileRef = 15ECDF312B137D0A006E186C /* Main.storyboard */; };
		15ECDF352B137D0C006E186C /* Assets.xcassets in Resources */ = {isa = PBXBuildFile; fileRef = 15ECDF342B137D0C006E186C /* Assets.xcassets */; };
		15ECDF382B137D0C006E186C /* LaunchScreen.storyboard in Resources */ = {isa = PBXBuildFile; fileRef = 15ECDF362B137D0C006E186C /* LaunchScreen.storyboard */; };
		15ECDF432B137D0C006E186C /* IOSAssignmentTests.swift in Sources */ = {isa = PBXBuildFile; fileRef = 15ECDF422B137D0C006E186C /* IOSAssignmentTests.swift */; };
		15ECDF4D2B137D0C006E186C /* IOSAssignmentUITests.swift in Sources */ = {isa = PBXBuildFile; fileRef = 15ECDF4C2B137D0C006E186C /* IOSAssignmentUITests.swift */; };
		15ECDF4F2B137D0C006E186C /* IOSAssignmentUITestsLaunchTests.swift in Sources */ = {isa = PBXBuildFile; fileRef = 15ECDF4E2B137D0C006E186C /* IOSAssignmentUITestsLaunchTests.swift */; };
		15ECDF622B137DEE006E186C /* ListViewController.swift in Sources */ = {isa = PBXBuildFile; fileRef = 15ECDF612B137DEE006E186C /* ListViewController.swift */; };
		15ECDF642B137E05006E186C /* ListTableViewCell.swift in Sources */ = {isa = PBXBuildFile; fileRef = 15ECDF632B137E05006E186C /* ListTableViewCell.swift */; };
/* End PBXBuildFile section */

/* Begin PBXContainerItemProxy section */
		15ECDF3F2B137D0C006E186C /* PBXContainerItemProxy */ = {
			isa = PBXContainerItemProxy;
			containerPortal = 15ECDF202B137D0A006E186C /* Project object */;
			proxyType = 1;
			remoteGlobalIDString = 15ECDF272B137D0A006E186C;
			remoteInfo = IOSAssignment;
		};
		15ECDF492B137D0C006E186C /* PBXContainerItemProxy */ = {
			isa = PBXContainerItemProxy;
			containerPortal = 15ECDF202B137D0A006E186C /* Project object */;
			proxyType = 1;
			remoteGlobalIDString = 15ECDF272B137D0A006E186C;
			remoteInfo = IOSAssignment;
		};
/* End PBXContainerItemProxy section */

/* Begin PBXFileReference section */
		15ECDF282B137D0A006E186C /* IOSAssignment.app */ = {isa = PBXFileReference; explicitFileType = wrapper.application; includeInIndex = 0; path = IOSAssignment.app; sourceTree = BUILT_PRODUCTS_DIR; };
		15ECDF2B2B137D0A006E186C /* AppDelegate.swift */ = {isa = PBXFileReference; lastKnownFileType = sourcecode.swift; path = AppDelegate.swift; sourceTree = "<group>"; };
		15ECDF2D2B137D0A006E186C /* SceneDelegate.swift */ = {isa = PBXFileReference; lastKnownFileType = sourcecode.swift; path = SceneDelegate.swift; sourceTree = "<group>"; };
		15ECDF2F2B137D0A006E186C /* ViewController.swift */ = {isa = PBXFileReference; lastKnownFileType = sourcecode.swift; path = ViewController.swift; sourceTree = "<group>"; };
		15ECDF322B137D0A006E186C /* Base */ = {isa = PBXFileReference; lastKnownFileType = file.storyboard; name = Base; path = Base.lproj/Main.storyboard; sourceTree = "<group>"; };
		15ECDF342B137D0C006E186C /* Assets.xcassets */ = {isa = PBXFileReference; lastKnownFileType = folder.assetcatalog; path = Assets.xcassets; sourceTree = "<group>"; };
		15ECDF372B137D0C006E186C /* Base */ = {isa = PBXFileReference; lastKnownFileType = file.storyboard; name = Base; path = Base.lproj/LaunchScreen.storyboard; sourceTree = "<group>"; };
		15ECDF392B137D0C006E186C /* Info.plist */ = {isa = PBXFileReference; lastKnownFileType = text.plist.xml; path = Info.plist; sourceTree = "<group>"; };
		15ECDF3E2B137D0C006E186C /* IOSAssignmentTests.xctest */ = {isa = PBXFileReference; explicitFileType = wrapper.cfbundle; includeInIndex = 0; path = IOSAssignmentTests.xctest; sourceTree = BUILT_PRODUCTS_DIR; };
		15ECDF422B137D0C006E186C /* IOSAssignmentTests.swift */ = {isa = PBXFileReference; lastKnownFileType = sourcecode.swift; path = IOSAssignmentTests.swift; sourceTree = "<group>"; };
		15ECDF482B137D0C006E186C /* IOSAssignmentUITests.xctest */ = {isa = PBXFileReference; explicitFileType = wrapper.cfbundle; includeInIndex = 0; path = IOSAssignmentUITests.xctest; sourceTree = BUILT_PRODUCTS_DIR; };
		15ECDF4C2B137D0C006E186C /* IOSAssignmentUITests.swift */ = {isa = PBXFileReference; lastKnownFileType = sourcecode.swift; path = IOSAssignmentUITests.swift; sourceTree = "<group>"; };
		15ECDF4E2B137D0C006E186C /* IOSAssignmentUITestsLaunchTests.swift */ = {isa = PBXFileReference; lastKnownFileType = sourcecode.swift; path = IOSAssignmentUITestsLaunchTests.swift; sourceTree = "<group>"; };
		15ECDF612B137DEE006E186C /* ListViewController.swift */ = {isa = PBXFileReference; lastKnownFileType = sourcecode.swift; path = ListViewController.swift; sourceTree = "<group>"; };
		15ECDF632B137E05006E186C /* ListTableViewCell.swift */ = {isa = PBXFileReference; lastKnownFileType = sourcecode.swift; path = ListTableViewCell.swift; sourceTree = "<group>"; };
/* End PBXFileReference section */

/* Begin PBXFrameworksBuildPhase section */
		15ECDF252B137D0A006E186C /* Frameworks */ = {
			isa = PBXFrameworksBuildPhase;
			buildActionMask = 2147483647;
			files = (
			);
			runOnlyForDeploymentPostprocessing = 0;
		};
		15ECDF3B2B137D0C006E186C /* Frameworks */ = {
			isa = PBXFrameworksBuildPhase;
			buildActionMask = 2147483647;
			files = (
			);
			runOnlyForDeploymentPostprocessing = 0;
		};
		15ECDF452B137D0C006E186C /* Frameworks */ = {
			isa = PBXFrameworksBuildPhase;
			buildActionMask = 2147483647;
			files = (
			);
			runOnlyForDeploymentPostprocessing = 0;
		};
/* End PBXFrameworksBuildPhase section */

/* Begin PBXGroup section */
		15ECDF1F2B137D0A006E186C = {
			isa = PBXGroup;
			children = (
				15ECDF2A2B137D0A006E186C /* IOSAssignment */,
				15ECDF412B137D0C006E186C /* IOSAssignmentTests */,
				15ECDF4B2B137D0C006E186C /* IOSAssignmentUITests */,
				15ECDF292B137D0A006E186C /* Products */,
			);
			sourceTree = "<group>";
		};
		15ECDF292B137D0A006E186C /* Products */ = {
			isa = PBXGroup;
			children = (
				15ECDF282B137D0A006E186C /* IOSAssignment.app */,
				15ECDF3E2B137D0C006E186C /* IOSAssignmentTests.xctest */,
				15ECDF482B137D0C006E186C /* IOSAssignmentUITests.xctest */,
			);
			name = Products;
			sourceTree = "<group>";
		};
		15ECDF2A2B137D0A006E186C /* IOSAssignment */ = {
			isa = PBXGroup;
			children = (
				15ECDF5B2B137D15006E186C /* delegate */,
				15ECDF5C2B137D26006E186C /* Controller */,
				15ECDF5D2B137D57006E186C /* Resources */,
				15ECDF5E2B137D7B006E186C /* View */,
				15ECDF362B137D0C006E186C /* LaunchScreen.storyboard */,
				15ECDF392B137D0C006E186C /* Info.plist */,
			);
			path = IOSAssignment;
			sourceTree = "<group>";
		};
		15ECDF412B137D0C006E186C /* IOSAssignmentTests */ = {
			isa = PBXGroup;
			children = (
				15ECDF422B137D0C006E186C /* IOSAssignmentTests.swift */,
			);
			path = IOSAssignmentTests;
			sourceTree = "<group>";
		};
		15ECDF4B2B137D0C006E186C /* IOSAssignmentUITests */ = {
			isa = PBXGroup;
			children = (
				15ECDF4C2B137D0C006E186C /* IOSAssignmentUITests.swift */,
				15ECDF4E2B137D0C006E186C /* IOSAssignmentUITestsLaunchTests.swift */,
			);
			path = IOSAssignmentUITests;
			sourceTree = "<group>";
		};
		15ECDF5B2B137D15006E186C /* delegate */ = {
			isa = PBXGroup;
			children = (
				15ECDF2D2B137D0A006E186C /* SceneDelegate.swift */,
				15ECDF2B2B137D0A006E186C /* AppDelegate.swift */,
			);
			path = delegate;
			sourceTree = "<group>";
		};
		15ECDF5C2B137D26006E186C /* Controller */ = {
			isa = PBXGroup;
			children = (
				15ECDF2F2B137D0A006E186C /* ViewController.swift */,
				15ECDF612B137DEE006E186C /* ListViewController.swift */,
				15ECDF632B137E05006E186C /* ListTableViewCell.swift */,
			);
			path = Controller;
			sourceTree = "<group>";
		};
		15ECDF5D2B137D57006E186C /* Resources */ = {
			isa = PBXGroup;
			children = (
				15ECDF342B137D0C006E186C /* Assets.xcassets */,
			);
			path = Resources;
			sourceTree = "<group>";
		};
		15ECDF5E2B137D7B006E186C /* View */ = {
			isa = PBXGroup;
			children = (
				15ECDF312B137D0A006E186C /* Main.storyboard */,
			);
			path = View;
			sourceTree = "<group>";
		};
/* End PBXGroup section */

/* Begin PBXNativeTarget section */
		15ECDF272B137D0A006E186C /* IOSAssignment */ = {
			isa = PBXNativeTarget;
			buildConfigurationList = 15ECDF522B137D0C006E186C /* Build configuration list for PBXNativeTarget "IOSAssignment" */;
			buildPhases = (
				15ECDF242B137D0A006E186C /* Sources */,
				15ECDF252B137D0A006E186C /* Frameworks */,
				15ECDF262B137D0A006E186C /* Resources */,
			);
			buildRules = (
			);
			dependencies = (
			);
			name = IOSAssignment;
			productName = IOSAssignment;
			productReference = 15ECDF282B137D0A006E186C /* IOSAssignment.app */;
			productType = "com.apple.product-type.application";
		};
		15ECDF3D2B137D0C006E186C /* IOSAssignmentTests */ = {
			isa = PBXNativeTarget;
			buildConfigurationList = 15ECDF552B137D0C006E186C /* Build configuration list for PBXNativeTarget "IOSAssignmentTests" */;
			buildPhases = (
				15ECDF3A2B137D0C006E186C /* Sources */,
				15ECDF3B2B137D0C006E186C /* Frameworks */,
				15ECDF3C2B137D0C006E186C /* Resources */,
			);
			buildRules = (
			);
			dependencies = (
				15ECDF402B137D0C006E186C /* PBXTargetDependency */,
			);
			name = IOSAssignmentTests;
			productName = IOSAssignmentTests;
			productReference = 15ECDF3E2B137D0C006E186C /* IOSAssignmentTests.xctest */;
			productType = "com.apple.product-type.bundle.unit-test";
		};
		15ECDF472B137D0C006E186C /* IOSAssignmentUITests */ = {
			isa = PBXNativeTarget;
			buildConfigurationList = 15ECDF582B137D0C006E186C /* Build configuration list for PBXNativeTarget "IOSAssignmentUITests" */;
			buildPhases = (
				15ECDF442B137D0C006E186C /* Sources */,
				15ECDF452B137D0C006E186C /* Frameworks */,
				15ECDF462B137D0C006E186C /* Resources */,
			);
			buildRules = (
			);
			dependencies = (
				15ECDF4A2B137D0C006E186C /* PBXTargetDependency */,
			);
			name = IOSAssignmentUITests;
			productName = IOSAssignmentUITests;
			productReference = 15ECDF482B137D0C006E186C /* IOSAssignmentUITests.xctest */;
			productType = "com.apple.product-type.bundle.ui-testing";
		};
/* End PBXNativeTarget section */

/* Begin PBXProject section */
		15ECDF202B137D0A006E186C /* Project object */ = {
			isa = PBXProject;
			attributes = {
				BuildIndependentTargetsInParallel = 1;
				LastSwiftUpdateCheck = 1420;
				LastUpgradeCheck = 1420;
				TargetAttributes = {
					15ECDF272B137D0A006E186C = {
						CreatedOnToolsVersion = 14.2;
					};
					15ECDF3D2B137D0C006E186C = {
						CreatedOnToolsVersion = 14.2;
						TestTargetID = 15ECDF272B137D0A006E186C;
					};
					15ECDF472B137D0C006E186C = {
						CreatedOnToolsVersion = 14.2;
						TestTargetID = 15ECDF272B137D0A006E186C;
					};
				};
			};
			buildConfigurationList = 15ECDF232B137D0A006E186C /* Build configuration list for PBXProject "IOSAssignment" */;
			compatibilityVersion = "Xcode 14.0";
			developmentRegion = en;
			hasScannedForEncodings = 0;
			knownRegions = (
				en,
				Base,
			);
			mainGroup = 15ECDF1F2B137D0A006E186C;
			productRefGroup = 15ECDF292B137D0A006E186C /* Products */;
			projectDirPath = "";
			projectRoot = "";
			targets = (
				15ECDF272B137D0A006E186C /* IOSAssignment */,
				15ECDF3D2B137D0C006E186C /* IOSAssignmentTests */,
				15ECDF472B137D0C006E186C /* IOSAssignmentUITests */,
			);
		};
/* End PBXProject section */

/* Begin PBXResourcesBuildPhase section */
		15ECDF262B137D0A006E186C /* Resources */ = {
			isa = PBXResourcesBuildPhase;
			buildActionMask = 2147483647;
			files = (
				15ECDF382B137D0C006E186C /* LaunchScreen.storyboard in Resources */,
				15ECDF352B137D0C006E186C /* Assets.xcassets in Resources */,
				15ECDF332B137D0A006E186C /* Main.storyboard in Resources */,
			);
			runOnlyForDeploymentPostprocessing = 0;
		};
		15ECDF3C2B137D0C006E186C /* Resources */ = {
			isa = PBXResourcesBuildPhase;
			buildActionMask = 2147483647;
			files = (
			);
			runOnlyForDeploymentPostprocessing = 0;
		};
		15ECDF462B137D0C006E186C /* Resources */ = {
			isa = PBXResourcesBuildPhase;
			buildActionMask = 2147483647;
			files = (
			);
			runOnlyForDeploymentPostprocessing = 0;
		};
/* End PBXResourcesBuildPhase section */

/* Begin PBXSourcesBuildPhase section */
		15ECDF242B137D0A006E186C /* Sources */ = {
			isa = PBXSourcesBuildPhase;
			buildActionMask = 2147483647;
			files = (
				15ECDF302B137D0A006E186C /* ViewController.swift in Sources */,
				15ECDF2C2B137D0A006E186C /* AppDelegate.swift in Sources */,
				15ECDF622B137DEE006E186C /* ListViewController.swift in Sources */,
				15ECDF2E2B137D0A006E186C /* SceneDelegate.swift in Sources */,
				15ECDF642B137E05006E186C /* ListTableViewCell.swift in Sources */,
			);
			runOnlyForDeploymentPostprocessing = 0;
		};
		15ECDF3A2B137D0C006E186C /* Sources */ = {
			isa = PBXSourcesBuildPhase;
			buildActionMask = 2147483647;
			files = (
				15ECDF432B137D0C006E186C /* IOSAssignmentTests.swift in Sources */,
			);
			runOnlyForDeploymentPostprocessing = 0;
		};
		15ECDF442B137D0C006E186C /* Sources */ = {
			isa = PBXSourcesBuildPhase;
			buildActionMask = 2147483647;
			files = (
				15ECDF4D2B137D0C006E186C /* IOSAssignmentUITests.swift in Sources */,
				15ECDF4F2B137D0C006E186C /* IOSAssignmentUITestsLaunchTests.swift in Sources */,
			);
			runOnlyForDeploymentPostprocessing = 0;
		};
/* End PBXSourcesBuildPhase section */

/* Begin PBXTargetDependency section */
		15ECDF402B137D0C006E186C /* PBXTargetDependency */ = {
			isa = PBXTargetDependency;
			target = 15ECDF272B137D0A006E186C /* IOSAssignment */;
			targetProxy = 15ECDF3F2B137D0C006E186C /* PBXContainerItemProxy */;
		};
		15ECDF4A2B137D0C006E186C /* PBXTargetDependency */ = {
			isa = PBXTargetDependency;
			target = 15ECDF272B137D0A006E186C /* IOSAssignment */;
			targetProxy = 15ECDF492B137D0C006E186C /* PBXContainerItemProxy */;
		};
/* End PBXTargetDependency section */

/* Begin PBXVariantGroup section */
		15ECDF312B137D0A006E186C /* Main.storyboard */ = {
			isa = PBXVariantGroup;
			children = (
				15ECDF322B137D0A006E186C /* Base */,
			);
			name = Main.storyboard;
			sourceTree = "<group>";
		};
		15ECDF362B137D0C006E186C /* LaunchScreen.storyboard */ = {
			isa = PBXVariantGroup;
			children = (
				15ECDF372B137D0C006E186C /* Base */,
			);
			name = LaunchScreen.storyboard;
			sourceTree = "<group>";
		};
/* End PBXVariantGroup section */

/* Begin XCBuildConfiguration section */
		15ECDF502B137D0C006E186C /* Debug */ = {
			isa = XCBuildConfiguration;
			buildSettings = {
				ALWAYS_SEARCH_USER_PATHS = NO;
				CLANG_ANALYZER_NONNULL = YES;
				CLANG_ANALYZER_NUMBER_OBJECT_CONVERSION = YES_AGGRESSIVE;
				CLANG_CXX_LANGUAGE_STANDARD = "gnu++20";
				CLANG_ENABLE_MODULES = YES;
				CLANG_ENABLE_OBJC_ARC = YES;
				CLANG_ENABLE_OBJC_WEAK = YES;
				CLANG_WARN_BLOCK_CAPTURE_AUTORELEASING = YES;
				CLANG_WARN_BOOL_CONVERSION = YES;
				CLANG_WARN_COMMA = YES;
				CLANG_WARN_CONSTANT_CONVERSION = YES;
				CLANG_WARN_DEPRECATED_OBJC_IMPLEMENTATIONS = YES;
				CLANG_WARN_DIRECT_OBJC_ISA_USAGE = YES_ERROR;
				CLANG_WARN_DOCUMENTATION_COMMENTS = YES;
				CLANG_WARN_EMPTY_BODY = YES;
				CLANG_WARN_ENUM_CONVERSION = YES;
				CLANG_WARN_INFINITE_RECURSION = YES;
				CLANG_WARN_INT_CONVERSION = YES;
				CLANG_WARN_NON_LITERAL_NULL_CONVERSION = YES;
				CLANG_WARN_OBJC_IMPLICIT_RETAIN_SELF = YES;
				CLANG_WARN_OBJC_LITERAL_CONVERSION = YES;
				CLANG_WARN_OBJC_ROOT_CLASS = YES_ERROR;
				CLANG_WARN_QUOTED_INCLUDE_IN_FRAMEWORK_HEADER = YES;
				CLANG_WARN_RANGE_LOOP_ANALYSIS = YES;
				CLANG_WARN_STRICT_PROTOTYPES = YES;
				CLANG_WARN_SUSPICIOUS_MOVE = YES;
				CLANG_WARN_UNGUARDED_AVAILABILITY = YES_AGGRESSIVE;
				CLANG_WARN_UNREACHABLE_CODE = YES;
				CLANG_WARN__DUPLICATE_METHOD_MATCH = YES;
				COPY_PHASE_STRIP = NO;
				DEBUG_INFORMATION_FORMAT = dwarf;
				ENABLE_STRICT_OBJC_MSGSEND = YES;
				ENABLE_TESTABILITY = YES;
				GCC_C_LANGUAGE_STANDARD = gnu11;
				GCC_DYNAMIC_NO_PIC = NO;
				GCC_NO_COMMON_BLOCKS = YES;
				GCC_OPTIMIZATION_LEVEL = 0;
				GCC_PREPROCESSOR_DEFINITIONS = (
					"DEBUG=1",
					"$(inherited)",
				);
				GCC_WARN_64_TO_32_BIT_CONVERSION = YES;
				GCC_WARN_ABOUT_RETURN_TYPE = YES_ERROR;
				GCC_WARN_UNDECLARED_SELECTOR = YES;
				GCC_WARN_UNINITIALIZED_AUTOS = YES_AGGRESSIVE;
				GCC_WARN_UNUSED_FUNCTION = YES;
				GCC_WARN_UNUSED_VARIABLE = YES;
				IPHONEOS_DEPLOYMENT_TARGET = 16.2;
				MTL_ENABLE_DEBUG_INFO = INCLUDE_SOURCE;
				MTL_FAST_MATH = YES;
				ONLY_ACTIVE_ARCH = YES;
				SDKROOT = iphoneos;
				SWIFT_ACTIVE_COMPILATION_CONDITIONS = DEBUG;
				SWIFT_OPTIMIZATION_LEVEL = "-Onone";
			};
			name = Debug;
		};
		15ECDF512B137D0C006E186C /* Release */ = {
			isa = XCBuildConfiguration;
			buildSettings = {
				ALWAYS_SEARCH_USER_PATHS = NO;
				CLANG_ANALYZER_NONNULL = YES;
				CLANG_ANALYZER_NUMBER_OBJECT_CONVERSION = YES_AGGRESSIVE;
				CLANG_CXX_LANGUAGE_STANDARD = "gnu++20";
				CLANG_ENABLE_MODULES = YES;
				CLANG_ENABLE_OBJC_ARC = YES;
				CLANG_ENABLE_OBJC_WEAK = YES;
				CLANG_WARN_BLOCK_CAPTURE_AUTORELEASING = YES;
				CLANG_WARN_BOOL_CONVERSION = YES;
				CLANG_WARN_COMMA = YES;
				CLANG_WARN_CONSTANT_CONVERSION = YES;
				CLANG_WARN_DEPRECATED_OBJC_IMPLEMENTATIONS = YES;
				CLANG_WARN_DIRECT_OBJC_ISA_USAGE = YES_ERROR;
				CLANG_WARN_DOCUMENTATION_COMMENTS = YES;
				CLANG_WARN_EMPTY_BODY = YES;
				CLANG_WARN_ENUM_CONVERSION = YES;
				CLANG_WARN_INFINITE_RECURSION = YES;
				CLANG_WARN_INT_CONVERSION = YES;
				CLANG_WARN_NON_LITERAL_NULL_CONVERSION = YES;
				CLANG_WARN_OBJC_IMPLICIT_RETAIN_SELF = YES;
				CLANG_WARN_OBJC_LITERAL_CONVERSION = YES;
				CLANG_WARN_OBJC_ROOT_CLASS = YES_ERROR;
				CLANG_WARN_QUOTED_INCLUDE_IN_FRAMEWORK_HEADER = YES;
				CLANG_WARN_RANGE_LOOP_ANALYSIS = YES;
				CLANG_WARN_STRICT_PROTOTYPES = YES;
				CLANG_WARN_SUSPICIOUS_MOVE = YES;
				CLANG_WARN_UNGUARDED_AVAILABILITY = YES_AGGRESSIVE;
				CLANG_WARN_UNREACHABLE_CODE = YES;
				CLANG_WARN__DUPLICATE_METHOD_MATCH = YES;
				COPY_PHASE_STRIP = NO;
				DEBUG_INFORMATION_FORMAT = "dwarf-with-dsym";
				ENABLE_NS_ASSERTIONS = NO;
				ENABLE_STRICT_OBJC_MSGSEND = YES;
				GCC_C_LANGUAGE_STANDARD = gnu11;
				GCC_NO_COMMON_BLOCKS = YES;
				GCC_WARN_64_TO_32_BIT_CONVERSION = YES;
				GCC_WARN_ABOUT_RETURN_TYPE = YES_ERROR;
				GCC_WARN_UNDECLARED_SELECTOR = YES;
				GCC_WARN_UNINITIALIZED_AUTOS = YES_AGGRESSIVE;
				GCC_WARN_UNUSED_FUNCTION = YES;
				GCC_WARN_UNUSED_VARIABLE = YES;
				IPHONEOS_DEPLOYMENT_TARGET = 16.2;
				MTL_ENABLE_DEBUG_INFO = NO;
				MTL_FAST_MATH = YES;
				SDKROOT = iphoneos;
				SWIFT_COMPILATION_MODE = wholemodule;
				SWIFT_OPTIMIZATION_LEVEL = "-O";
				VALIDATE_PRODUCT = YES;
			};
			name = Release;
		};
		15ECDF532B137D0C006E186C /* Debug */ = {
			isa = XCBuildConfiguration;
			buildSettings = {
				ASSETCATALOG_COMPILER_APPICON_NAME = AppIcon;
				ASSETCATALOG_COMPILER_GLOBAL_ACCENT_COLOR_NAME = AccentColor;
				CODE_SIGN_STYLE = Automatic;
				CURRENT_PROJECT_VERSION = 1;
				DEVELOPMENT_TEAM = 644FQK85JA;
				GENERATE_INFOPLIST_FILE = YES;
				INFOPLIST_FILE = IOSAssignment/Info.plist;
				INFOPLIST_KEY_UIApplicationSupportsIndirectInputEvents = YES;
				INFOPLIST_KEY_UILaunchStoryboardName = LaunchScreen;
				INFOPLIST_KEY_UIMainStoryboardFile = Main;
				INFOPLIST_KEY_UISupportedInterfaceOrientations = UIInterfaceOrientationPortrait;
				IPHONEOS_DEPLOYMENT_TARGET = 15.0;
				LD_RUNPATH_SEARCH_PATHS = (
					"$(inherited)",
					"@executable_path/Frameworks",
				);
				MARKETING_VERSION = 1.0;
				PRODUCT_BUNDLE_IDENTIFIER = "Arun-Kumar.IOSAssignment";
				PRODUCT_NAME = "$(TARGET_NAME)";
				SWIFT_EMIT_LOC_STRINGS = YES;
				SWIFT_VERSION = 5.0;
				TARGETED_DEVICE_FAMILY = "1,2";
			};
			name = Debug;
		};
		15ECDF542B137D0C006E186C /* Release */ = {
			isa = XCBuildConfiguration;
			buildSettings = {
				ASSETCATALOG_COMPILER_APPICON_NAME = AppIcon;
				ASSETCATALOG_COMPILER_GLOBAL_ACCENT_COLOR_NAME = AccentColor;
				CODE_SIGN_STYLE = Automatic;
				CURRENT_PROJECT_VERSION = 1;
				DEVELOPMENT_TEAM = 644FQK85JA;
				GENERATE_INFOPLIST_FILE = YES;
				INFOPLIST_FILE = IOSAssignment/Info.plist;
				INFOPLIST_KEY_UIApplicationSupportsIndirectInputEvents = YES;
				INFOPLIST_KEY_UILaunchStoryboardName = LaunchScreen;
				INFOPLIST_KEY_UIMainStoryboardFile = Main;
				INFOPLIST_KEY_UISupportedInterfaceOrientations = UIInterfaceOrientationPortrait;
				IPHONEOS_DEPLOYMENT_TARGET = 15.0;
				LD_RUNPATH_SEARCH_PATHS = (
					"$(inherited)",
					"@executable_path/Frameworks",
				);
				MARKETING_VERSION = 1.0;
				PRODUCT_BUNDLE_IDENTIFIER = "Arun-Kumar.IOSAssignment";
				PRODUCT_NAME = "$(TARGET_NAME)";
				SWIFT_EMIT_LOC_STRINGS = YES;
				SWIFT_VERSION = 5.0;
				TARGETED_DEVICE_FAMILY = "1,2";
			};
			name = Release;
		};
		15ECDF562B137D0C006E186C /* Debug */ = {
			isa = XCBuildConfiguration;
			buildSettings = {
				ALWAYS_EMBED_SWIFT_STANDARD_LIBRARIES = YES;
				BUNDLE_LOADER = "$(TEST_HOST)";
				CODE_SIGN_STYLE = Automatic;
				CURRENT_PROJECT_VERSION = 1;
				DEVELOPMENT_TEAM = 644FQK85JA;
				GENERATE_INFOPLIST_FILE = YES;
				IPHONEOS_DEPLOYMENT_TARGET = 16.2;
				MARKETING_VERSION = 1.0;
				PRODUCT_BUNDLE_IDENTIFIER = "Arun-Kumar.IOSAssignmentTests";
				PRODUCT_NAME = "$(TARGET_NAME)";
				SWIFT_EMIT_LOC_STRINGS = NO;
				SWIFT_VERSION = 5.0;
				TARGETED_DEVICE_FAMILY = "1,2";
				TEST_HOST = "$(BUILT_PRODUCTS_DIR)/IOSAssignment.app/$(BUNDLE_EXECUTABLE_FOLDER_PATH)/IOSAssignment";
			};
			name = Debug;
		};
		15ECDF572B137D0C006E186C /* Release */ = {
			isa = XCBuildConfiguration;
			buildSettings = {
				ALWAYS_EMBED_SWIFT_STANDARD_LIBRARIES = YES;
				BUNDLE_LOADER = "$(TEST_HOST)";
				CODE_SIGN_STYLE = Automatic;
				CURRENT_PROJECT_VERSION = 1;
				DEVELOPMENT_TEAM = 644FQK85JA;
				GENERATE_INFOPLIST_FILE = YES;
				IPHONEOS_DEPLOYMENT_TARGET = 16.2;
				MARKETING_VERSION = 1.0;
				PRODUCT_BUNDLE_IDENTIFIER = "Arun-Kumar.IOSAssignmentTests";
				PRODUCT_NAME = "$(TARGET_NAME)";
				SWIFT_EMIT_LOC_STRINGS = NO;
				SWIFT_VERSION = 5.0;
				TARGETED_DEVICE_FAMILY = "1,2";
				TEST_HOST = "$(BUILT_PRODUCTS_DIR)/IOSAssignment.app/$(BUNDLE_EXECUTABLE_FOLDER_PATH)/IOSAssignment";
			};
			name = Release;
		};
		15ECDF592B137D0C006E186C /* Debug */ = {
			isa = XCBuildConfiguration;
			buildSettings = {
				ALWAYS_EMBED_SWIFT_STANDARD_LIBRARIES = YES;
				CODE_SIGN_STYLE = Automatic;
				CURRENT_PROJECT_VERSION = 1;
				DEVELOPMENT_TEAM = 644FQK85JA;
				GENERATE_INFOPLIST_FILE = YES;
				MARKETING_VERSION = 1.0;
				PRODUCT_BUNDLE_IDENTIFIER = "Arun-Kumar.IOSAssignmentUITests";
				PRODUCT_NAME = "$(TARGET_NAME)";
				SWIFT_EMIT_LOC_STRINGS = NO;
				SWIFT_VERSION = 5.0;
				TARGETED_DEVICE_FAMILY = "1,2";
				TEST_TARGET_NAME = IOSAssignment;
			};
			name = Debug;
		};
		15ECDF5A2B137D0C006E186C /* Release */ = {
			isa = XCBuildConfiguration;
			buildSettings = {
				ALWAYS_EMBED_SWIFT_STANDARD_LIBRARIES = YES;
				CODE_SIGN_STYLE = Automatic;
				CURRENT_PROJECT_VERSION = 1;
				DEVELOPMENT_TEAM = 644FQK85JA;
				GENERATE_INFOPLIST_FILE = YES;
				MARKETING_VERSION = 1.0;
				PRODUCT_BUNDLE_IDENTIFIER = "Arun-Kumar.IOSAssignmentUITests";
				PRODUCT_NAME = "$(TARGET_NAME)";
				SWIFT_EMIT_LOC_STRINGS = NO;
				SWIFT_VERSION = 5.0;
				TARGETED_DEVICE_FAMILY = "1,2";
				TEST_TARGET_NAME = IOSAssignment;
			};
			name = Release;
		};
/* End XCBuildConfiguration section */

/* Begin XCConfigurationList section */
		15ECDF232B137D0A006E186C /* Build configuration list for PBXProject "IOSAssignment" */ = {
			isa = XCConfigurationList;
			buildConfigurations = (
				15ECDF502B137D0C006E186C /* Debug */,
				15ECDF512B137D0C006E186C /* Release */,
			);
			defaultConfigurationIsVisible = 0;
			defaultConfigurationName = Release;
		};
		15ECDF522B137D0C006E186C /* Build configuration list for PBXNativeTarget "IOSAssignment" */ = {
			isa = XCConfigurationList;
			buildConfigurations = (
				15ECDF532B137D0C006E186C /* Debug */,
				15ECDF542B137D0C006E186C /* Release */,
			);
			defaultConfigurationIsVisible = 0;
			defaultConfigurationName = Release;
		};
		15ECDF552B137D0C006E186C /* Build configuration list for PBXNativeTarget "IOSAssignmentTests" */ = {
			isa = XCConfigurationList;
			buildConfigurations = (
				15ECDF562B137D0C006E186C /* Debug */,
				15ECDF572B137D0C006E186C /* Release */,
			);
			defaultConfigurationIsVisible = 0;
			defaultConfigurationName = Release;
		};
		15ECDF582B137D0C006E186C /* Build configuration list for PBXNativeTarget "IOSAssignmentUITests" */ = {
			isa = XCConfigurationList;
			buildConfigurations = (
				15ECDF592B137D0C006E186C /* Debug */,
				15ECDF5A2B137D0C006E186C /* Release */,
			);
			defaultConfigurationIsVisible = 0;
			defaultConfigurationName = Release;
		};
/* End XCConfigurationList section */
	};
	rootObject = 15ECDF202B137D0A006E186C /* Project object */;
}
